
Microsoft Visual Studio Solution File, Format Version 12.00
# Visual Studio Version 17
VisualStudioVersion = 17.4.33122.133
MinimumVisualStudioVersion = 10.0.40219.1
Project("{FAE04EC0-301F-11D3-BF4B-00C04F79EFBC}") = "TrabajoDBF", "TrabajoDBF\TrabajoDBF.csproj", "{B66D68D8-D822-4832-84CA-613EEB564402}"
EndProject
Global
	GlobalSection(SolutionConfigurationPlatforms) = preSolution
		Debug|Any CPU = Debug|Any CPU
		Release|Any CPU = Release|Any CPU
	EndGlobalSection
	GlobalSection(ProjectConfigurationPlatforms) = postSolution
		{B66D68D8-D822-4832-84CA-613EEB564402}.Debug|Any CPU.ActiveCfg = Debug|Any CPU
		{B66D68D8-D822-4832-84CA-613EEB564402}.Debug|Any CPU.Build.0 = Debug|Any CPU
		{B66D68D8-D822-4832-84CA-613EEB564402}.Release|Any CPU.ActiveCfg = Release|Any CPU
		{B66D68D8-D822-4832-84CA-613EEB564402}.Release|Any CPU.Build.0 = Release|Any CPU
	EndGlobalSection
	GlobalSection(SolutionProperties) = preSolution
		HideSolutionNode = FALSE
	EndGlobalSection
	GlobalSection(ExtensibilityGlobals) = postSolution
		SolutionGuid = {905A735C-A1F8-43C2-AA55-0EC9F12CFC32}
	EndGlobalSection
EndGlobal
